Microsoft Visual Studio Solution File, Format Version 12.00
# Visual Studio Version 17
VisualStudioVersion = 17.5.2.0
MinimumVisualStudioVersion = 10.0.40219.1
Project("{FAE04EC0-301F-11D3-BF4B-00C04F79EFBC}") = "RssTracker", "RssTracker.csproj", "{83C88C01-DBEA-0DD9-1972-358CF9213D73}"
EndProject
Global
	GlobalSection(SolutionConfigurationPlatforms) = preSolution
		Debug|Any CPU = Debug|Any CPU
		Release|Any CPU = Release|Any CPU
	EndGlobalSection
	GlobalSection(ProjectConfigurationPlatforms) = postSolution
		{83C88C01-DBEA-0DD9-1972-358CF9213D73}.Debug|Any CPU.ActiveCfg = Debug|Any CPU
		{83C88C01-DBEA-0DD9-1972-358CF9213D73}.Debug|Any CPU.Build.0 = Debug|Any CPU
		{83C88C01-DBEA-0DD9-1972-358CF9213D73}.Release|Any CPU.ActiveCfg = Release|Any CPU
		{83C88C01-DBEA-0DD9-1972-358CF9213D73}.Release|Any CPU.Build.0 = Release|Any CPU
	EndGlobalSection
	GlobalSection(SolutionProperties) = preSolution
		HideSolutionNode = FALSE
	EndGlobalSection
	GlobalSection(ExtensibilityGlobals) = postSolution
		SolutionGuid = {2DAD2204-1FBF-4D2F-B28A-A5D16C0FFC87}
	EndGlobalSection
EndGlobal
